// !$*UTF8*$!
{
	archiveVersion = 1;
	classes = {
	};
	objectVersion = 46;
	objects = {

/* Begin PBXBuildFile section */
		A2368E081D2B0AC40011CD47 /* Freakonomics.json in Resources */ = {isa = PBXBuildFile; fileRef = A2368E071D2B0AC40011CD47 /* Freakonomics.json */; };
		A2368E0A1D2B0F370011CD47 /* ModelObjects.swift in Sources */ = {isa = PBXBuildFile; fileRef = A2368E091D2B0F370011CD47 /* ModelObjects.swift */; };
		A2981CC01D1C74EA006AE9F3 /* AppDelegate.swift in Sources */ = {isa = PBXBuildFile; fileRef = A2981CBF1D1C74EA006AE9F3 /* AppDelegate.swift */; };
		A2981CC21D1C74EA006AE9F3 /* ViewController.swift in Sources */ = {isa = PBXBuildFile; fileRef = A2981CC11D1C74EA006AE9F3 /* ViewController.swift */; };
		A2981CC51D1C74EA006AE9F3 /* Main.storyboard in Resources */ = {isa = PBXBuildFile; fileRef = A2981CC31D1C74EA006AE9F3 /* Main.storyboard */; };
		A2981CC71D1C74EA006AE9F3 /* Assets.xcassets in Resources */ = {isa = PBXBuildFile; fileRef = A2981CC61D1C74EA006AE9F3 /* Assets.xcassets */; };
		A2981CCA1D1C74EA006AE9F3 /* LaunchScreen.storyboard in Resources */ = {isa = PBXBuildFile; fileRef = A2981CC81D1C74EA006AE9F3 /* LaunchScreen.storyboard */; };
		A2A51FEC1D2BF93600946C3C /* JSONParsing.swift in Sources */ = {isa = PBXBuildFile; fileRef = A2A51FEB1D2BF93600946C3C /* JSONParsing.swift */; };
		A2A51FEE1D2BFA1400946C3C /* Review.swift in Sources */ = {isa = PBXBuildFile; fileRef = A2A51FED1D2BFA1400946C3C /* Review.swift */; };
		A2A51FF01D2BFA9400946C3C /* Author.swift in Sources */ = {isa = PBXBuildFile; fileRef = A2A51FEF1D2BFA9400946C3C /* Author.swift */; };
		A2A51FF21D2BFB2F00946C3C /* Book.swift in Sources */ = {isa = PBXBuildFile; fileRef = A2A51FF11D2BFB2F00946C3C /* Book.swift */; };
/* End PBXBuildFile section */

/* Begin PBXFileReference section */
		A2368E071D2B0AC40011CD47 /* Freakonomics.json */ = {isa = PBXFileReference; fileEncoding = 4; lastKnownFileType = text.json; path = Freakonomics.json; sourceTree = "<group>"; };
		A2368E091D2B0F370011CD47 /* ModelObjects.swift */ = {isa = PBXFileReference; fileEncoding = 4; lastKnownFileType = sourcecode.swift; path = ModelObjects.swift; sourceTree = "<group>"; };
		A2981CBC1D1C74EA006AE9F3 /* JSONToObject.app */ = {isa = PBXFileReference; explicitFileType = wrapper.application; includeInIndex = 0; path = JSONToObject.app; sourceTree = BUILT_PRODUCTS_DIR; };
		A2981CBF1D1C74EA006AE9F3 /* AppDelegate.swift */ = {isa = PBXFileReference; lastKnownFileType = sourcecode.swift; path = AppDelegate.swift; sourceTree = "<group>"; };
		A2981CC11D1C74EA006AE9F3 /* ViewController.swift */ = {isa = PBXFileReference; lastKnownFileType = sourcecode.swift; path = ViewController.swift; sourceTree = "<group>"; };
		A2981CC41D1C74EA006AE9F3 /* Base */ = {isa = PBXFileReference; lastKnownFileType = file.storyboard; name = Base; path = Base.lproj/Main.storyboard; sourceTree = "<group>"; };
		A2981CC61D1C74EA006AE9F3 /* Assets.xcassets */ = {isa = PBXFileReference; lastKnownFileType = folder.assetcatalog; path = Assets.xcassets; sourceTree = "<group>"; };
		A2981CC91D1C74EA006AE9F3 /* Base */ = {isa = PBXFileReference; lastKnownFileType = file.storyboard; name = Base; path = Base.lproj/LaunchScreen.storyboard; sourceTree = "<group>"; };
		A2981CCB1D1C74EA006AE9F3 /* Info.plist */ = {isa = PBXFileReference; lastKnownFileType = text.plist.xml; path = Info.plist; sourceTree = "<group>"; };
		A2A51FEB1D2BF93600946C3C /* JSONParsing.swift */ = {isa = PBXFileReference; fileEncoding = 4; lastKnownFileType = sourcecode.swift; path = JSONParsing.swift; sourceTree = "<group>"; };
		A2A51FED1D2BFA1400946C3C /* Review.swift */ = {isa = PBXFileReference; fileEncoding = 4; lastKnownFileType = sourcecode.swift; path = Review.swift; sourceTree = "<group>"; };
		A2A51FEF1D2BFA9400946C3C /* Author.swift */ = {isa = PBXFileReference; fileEncoding = 4; lastKnownFileType = sourcecode.swift; path = Author.swift; sourceTree = "<group>"; };
		A2A51FF11D2BFB2F00946C3C /* Book.swift */ = {isa = PBXFileReference; fileEncoding = 4; lastKnownFileType = sourcecode.swift; path = Book.swift; sourceTree = "<group>"; };
/* End PBXFileReference section */

/* Begin PBXFrameworksBuildPhase section */
		A2981CB91D1C74EA006AE9F3 /* Frameworks */ = {
			isa = PBXFrameworksBuildPhase;
			buildActionMask = 2147483647;
			files = (
			);
			runOnlyForDeploymentPostprocessing = 0;
		};
/* End PBXFrameworksBuildPhase section */

/* Begin PBXGroup section */
		A2981CB31D1C74EA006AE9F3 = {
			isa = PBXGroup;
			children = (
				A2981CBE1D1C74EA006AE9F3 /* JSONToObject */,
				A2981CBD1D1C74EA006AE9F3 /* Products */,
			);
			sourceTree = "<group>";
		};
		A2981CBD1D1C74EA006AE9F3 /* Products */ = {
			isa = PBXGroup;
			children = (
				A2981CBC1D1C74EA006AE9F3 /* JSONToObject.app */,
			);
			name = Products;
			sourceTree = "<group>";
		};
		A2981CBE1D1C74EA006AE9F3 /* JSONToObject */ = {
			isa = PBXGroup;
			children = (
				A2981CBF1D1C74EA006AE9F3 /* AppDelegate.swift */,
				A2981CC11D1C74EA006AE9F3 /* ViewController.swift */,
				A2A51FED1D2BFA1400946C3C /* Review.swift */,
				A2A51FEF1D2BFA9400946C3C /* Author.swift */,
				A2A51FF11D2BFB2F00946C3C /* Book.swift */,
				A2368E071D2B0AC40011CD47 /* Freakonomics.json */,
				A2368E091D2B0F370011CD47 /* ModelObjects.swift */,
				A2A51FEB1D2BF93600946C3C /* JSONParsing.swift */,
				A2981CC31D1C74EA006AE9F3 /* Main.storyboard */,
				A2981CC61D1C74EA006AE9F3 /* Assets.xcassets */,
				A2981CC81D1C74EA006AE9F3 /* LaunchScreen.storyboard */,
				A2981CCB1D1C74EA006AE9F3 /* Info.plist */,
			);
			path = JSONToObject;
			sourceTree = "<group>";
		};
/* End PBXGroup section */

/* Begin PBXNativeTarget section */
		A2981CBB1D1C74EA006AE9F3 /* JSONToObject */ = {
			isa = PBXNativeTarget;
			buildConfigurationList = A2981CCE1D1C74EA006AE9F3 /* Build configuration list for PBXNativeTarget "JSONToObject" */;
			buildPhases = (
				A2981CB81D1C74EA006AE9F3 /* Sources */,
				A2981CB91D1C74EA006AE9F3 /* Frameworks */,
				A2981CBA1D1C74EA006AE9F3 /* Resources */,
			);
			buildRules = (
			);
			dependencies = (
			);
			name = JSONToObject;
			productName = JSONToObject;
			productReference = A2981CBC1D1C74EA006AE9F3 /* JSONToObject.app */;
			productType = "com.apple.product-type.application";
		};
/* End PBXNativeTarget section */

/* Begin PBXProject section */
		A2981CB41D1C74EA006AE9F3 /* Project object */ = {
			isa = PBXProject;
			attributes = {
				LastSwiftUpdateCheck = 0730;
				LastUpgradeCheck = 0730;
				ORGANIZATIONNAME = "Maria Civilis";
				TargetAttributes = {
					A2981CBB1D1C74EA006AE9F3 = {
						CreatedOnToolsVersion = 7.3.1;
					};
				};
			};
			buildConfigurationList = A2981CB71D1C74EA006AE9F3 /* Build configuration list for PBXProject "JSONToObject" */;
			compatibilityVersion = "Xcode 3.2";
			developmentRegion = English;
			hasScannedForEncodings = 0;
			knownRegions = (
				en,
				Base,
			);
			mainGroup = A2981CB31D1C74EA006AE9F3;
			productRefGroup = A2981CBD1D1C74EA006AE9F3 /* Products */;
			projectDirPath = "";
			projectRoot = "";
			targets = (
				A2981CBB1D1C74EA006AE9F3 /* JSONToObject */,
			);
		};
/* End PBXProject section */

/* Begin PBXResourcesBuildPhase section */
		A2981CBA1D1C74EA006AE9F3 /* Resources */ = {
			isa = PBXResourcesBuildPhase;
			buildActionMask = 2147483647;
			files = (
				A2368E081D2B0AC40011CD47 /* Freakonomics.json in Resources */,
				A2981CCA1D1C74EA006AE9F3 /* LaunchScreen.storyboard in Resources */,
				A2981CC71D1C74EA006AE9F3 /* Assets.xcassets in Resources */,
				A2981CC51D1C74EA006AE9F3 /* Main.storyboard in Resources */,
			);
			runOnlyForDeploymentPostprocessing = 0;
		};
/* End PBXResourcesBuildPhase section */

/* Begin PBXSourcesBuildPhase section */
		A2981CB81D1C74EA006AE9F3 /* Sources */ = {
			isa = PBXSourcesBuildPhase;
			buildActionMask = 2147483647;
			files = (
				A2A51FF01D2BFA9400946C3C /* Author.swift in Sources */,
				A2A51FEE1D2BFA1400946C3C /* Review.swift in Sources */,
				A2A51FF21D2BFB2F00946C3C /* Book.swift in Sources */,
				A2368E0A1D2B0F370011CD47 /* ModelObjects.swift in Sources */,
				A2A51FEC1D2BF93600946C3C /* JSONParsing.swift in Sources */,
				A2981CC21D1C74EA006AE9F3 /* ViewController.swift in Sources */,
				A2981CC01D1C74EA006AE9F3 /* AppDelegate.swift in Sources */,
			);
			runOnlyForDeploymentPostprocessing = 0;
		};
/* End PBXSourcesBuildPhase section */

/* Begin PBXVariantGroup section */
		A2981CC31D1C74EA006AE9F3 /* Main.storyboard */ = {
			isa = PBXVariantGroup;
			children = (
				A2981CC41D1C74EA006AE9F3 /* Base */,
			);
			name = Main.storyboard;
			sourceTree = "<group>";
		};
		A2981CC81D1C74EA006AE9F3 /* LaunchScreen.storyboard */ = {
			isa = PBXVariantGroup;
			children = (
				A2981CC91D1C74EA006AE9F3 /* Base */,
			);
			name = LaunchScreen.storyboard;
			sourceTree = "<group>";
		};
/* End PBXVariantGroup section */

/* Begin XCBuildConfiguration section */
		A2981CCC1D1C74EA006AE9F3 /* Debug */ = {
			isa = XCBuildConfiguration;
			buildSettings = {
				ALWAYS_SEARCH_USER_PATHS = NO;
				CLANG_ANALYZER_NONNULL = YES;
				CLANG_CXX_LANGUAGE_STANDARD = "gnu++0x";
				CLANG_CXX_LIBRARY = "libc++";
				CLANG_ENABLE_MODULES = YES;
				CLANG_ENABLE_OBJC_ARC = YES;
				CLANG_WARN_BOOL_CONVERSION = YES;
				CLANG_WARN_CONSTANT_CONVERSION = YES;
				CLANG_WARN_DIRECT_OBJC_ISA_USAGE = YES_ERROR;
				CLANG_WARN_EMPTY_BODY = YES;
				CLANG_WARN_ENUM_CONVERSION = YES;
				CLANG_WARN_INT_CONVERSION = YES;
				CLANG_WARN_OBJC_ROOT_CLASS = YES_ERROR;
				CLANG_WARN_UNREACHABLE_CODE = YES;
				CLANG_WARN__DUPLICATE_METHOD_MATCH = YES;
				"CODE_SIGN_IDENTITY[sdk=iphoneos*]" = "iPhone Developer";
				COPY_PHASE_STRIP = NO;
				DEBUG_INFORMATION_FORMAT = dwarf;
				ENABLE_STRICT_OBJC_MSGSEND = YES;
				ENABLE_TESTABILITY = YES;
				GCC_C_LANGUAGE_STANDARD = gnu99;
				GCC_DYNAMIC_NO_PIC = NO;
				GCC_NO_COMMON_BLOCKS = YES;
				GCC_OPTIMIZATION_LEVEL = 0;
				GCC_PREPROCESSOR_DEFINITIONS = (
					"DEBUG=1",
					"$(inherited)",
				);
				GCC_WARN_64_TO_32_BIT_CONVERSION = YES;
				GCC_WARN_ABOUT_RETURN_TYPE = YES_ERROR;
				GCC_WARN_UNDECLARED_SELECTOR = YES;
				GCC_WARN_UNINITIALIZED_AUTOS = YES_AGGRESSIVE;
				GCC_WARN_UNUSED_FUNCTION = YES;
				GCC_WARN_UNUSED_VARIABLE = YES;
				IPHONEOS_DEPLOYMENT_TARGET = 9.3;
				MTL_ENABLE_DEBUG_INFO = YES;
				ONLY_ACTIVE_ARCH = YES;
				SDKROOT = iphoneos;
				SWIFT_OPTIMIZATION_LEVEL = "-Onone";
				TARGETED_DEVICE_FAMILY = "1,2";
			};
			name = Debug;
		};
		A2981CCD1D1C74EA006AE9F3 /* Release */ = {
			isa = XCBuildConfiguration;
			buildSettings = {
				ALWAYS_SEARCH_USER_PATHS = NO;
				CLANG_ANALYZER_NONNULL = YES;
				CLANG_CXX_LANGUAGE_STANDARD = "gnu++0x";
				CLANG_CXX_LIBRARY = "libc++";
				CLANG_ENABLE_MODULES = YES;
				CLANG_ENABLE_OBJC_ARC = YES;
				CLANG_WARN_BOOL_CONVERSION = YES;
				CLANG_WARN_CONSTANT_CONVERSION = YES;
				CLANG_WARN_DIRECT_OBJC_ISA_USAGE = YES_ERROR;
				CLANG_WARN_EMPTY_BODY = YES;
				CLANG_WARN_ENUM_CONVERSION = YES;
				CLANG_WARN_INT_CONVERSION = YES;
				CLANG_WARN_OBJC_ROOT_CLASS = YES_ERROR;
				CLANG_WARN_UNREACHABLE_CODE = YES;
				CLANG_WARN__DUPLICATE_METHOD_MATCH = YES;
				"CODE_SIGN_IDENTITY[sdk=iphoneos*]" = "iPhone Developer";
				COPY_PHASE_STRIP = NO;
				DEBUG_INFORMATION_FORMAT = "dwarf-with-dsym";
				ENABLE_NS_ASSERTIONS = NO;
				ENABLE_STRICT_OBJC_MSGSEND = YES;
				GCC_C_LANGUAGE_STANDARD = gnu99;
				GCC_NO_COMMON_BLOCKS = YES;
				GCC_WARN_64_TO_32_BIT_CONVERSION = YES;
				GCC_WARN_ABOUT_RETURN_TYPE = YES_ERROR;
				GCC_WARN_UNDECLARED_SELECTOR = YES;
				GCC_WARN_UNINITIALIZED_AUTOS = YES_AGGRESSIVE;
				GCC_WARN_UNUSED_FUNCTION = YES;
				GCC_WARN_UNUSED_VARIABLE = YES;
				IPHONEOS_DEPLOYMENT_TARGET = 9.3;
				MTL_ENABLE_DEBUG_INFO = NO;
				SDKROOT = iphoneos;
				TARGETED_DEVICE_FAMILY = "1,2";
				VALIDATE_PRODUCT = YES;
			};
			name = Release;
		};
		A2981CCF1D1C74EA006AE9F3 /* Debug */ = {
			isa = XCBuildConfiguration;
			buildSettings = {
				ASSETCATALOG_COMPILER_APPICON_NAME = AppIcon;
				INFOPLIST_FILE = JSONToObject/Info.plist;
				LD_RUNPATH_SEARCH_PATHS = "$(inherited) @executable_path/Frameworks";
				PRODUCT_BUNDLE_IDENTIFIER = com.MariaCivilis.JSONToObject;
				PRODUCT_NAME = "$(TARGET_NAME)";
			};
			name = Debug;
		};
		A2981CD01D1C74EA006AE9F3 /* Release */ = {
			isa = XCBuildConfiguration;
			buildSettings = {
				ASSETCATALOG_COMPILER_APPICON_NAME = AppIcon;
				INFOPLIST_FILE = JSONToObject/Info.plist;
				LD_RUNPATH_SEARCH_PATHS = "$(inherited) @executable_path/Frameworks";
				PRODUCT_BUNDLE_IDENTIFIER = com.MariaCivilis.JSONToObject;
				PRODUCT_NAME = "$(TARGET_NAME)";
			};
			name = Release;
		};
/* End XCBuildConfiguration section */

/* Begin XCConfigurationList section */
		A2981CB71D1C74EA006AE9F3 /* Build configuration list for PBXProject "JSONToObject" */ = {
			isa = XCConfigurationList;
			buildConfigurations = (
				A2981CCC1D1C74EA006AE9F3 /* Debug */,
				A2981CCD1D1C74EA006AE9F3 /* Release */,
			);
			defaultConfigurationIsVisible = 0;
			defaultConfigurationName = Release;
		};
		A2981CCE1D1C74EA006AE9F3 /* Build configuration list for PBXNativeTarget "JSONToObject" */ = {
			isa = XCConfigurationList;
			buildConfigurations = (
				A2981CCF1D1C74EA006AE9F3 /* Debug */,
				A2981CD01D1C74EA006AE9F3 /* Release */,
			);
			defaultConfigurationIsVisible = 0;
			defaultConfigurationName = Release;
		};
/* End XCConfigurationList section */
	};
	rootObject = A2981CB41D1C74EA006AE9F3 /* Project object */;
}
